
Microsoft Visual Studio Solution File, Format Version 12.00
# Visual Studio Version 16
VisualStudioVersion = 16.0.32428.217
MinimumVisualStudioVersion = 10.0.40219.1
Project("{FAE04EC0-301F-11D3-BF4B-00C04F79EFBC}") = "SOAP", "SOAP\SOAP.csproj", "{F626E5A6-6A49-4E24-AD06-3C3EA5AF02EE}"
EndProject
Global
	GlobalSection(SolutionConfigurationPlatforms) = preSolution
		Debug|Any CPU = Debug|Any CPU
		Release|Any CPU = Release|Any CPU
	EndGlobalSection
	GlobalSection(ProjectConfigurationPlatforms) = postSolution
		{F626E5A6-6A49-4E24-AD06-3C3EA5AF02EE}.Debug|Any CPU.ActiveCfg = Debug|Any CPU
		{F626E5A6-6A49-4E24-AD06-3C3EA5AF02EE}.Debug|Any CPU.Build.0 = Debug|Any CPU
		{F626E5A6-6A49-4E24-AD06-3C3EA5AF02EE}.Release|Any CPU.ActiveCfg = Release|Any CPU
		{F626E5A6-6A49-4E24-AD06-3C3EA5AF02EE}.Release|Any CPU.Build.0 = Release|Any CPU
	EndGlobalSection
	GlobalSection(SolutionProperties) = preSolution
		HideSolutionNode = FALSE
	EndGlobalSection
	GlobalSection(ExtensibilityGlobals) = postSolution
		SolutionGuid = {6B9B03CD-B34B-4B07-84EA-474E2BDFAE5B}
	EndGlobalSection
EndGlobal
